// !$*UTF8*$!
{
	archiveVersion = 1;
	classes = {
	};
	objectVersion = 56;
	objects = {

/* Begin PBXBuildFile section */
		ABBD350C29957BD1003ECD39 /* MonteCarlooApp.swift in Sources */ = {isa = PBXBuildFile; fileRef = ABBD350B29957BD1003ECD39 /* MonteCarlooApp.swift */; };
		ABBD350E29957BD1003ECD39 /* ContentView.swift in Sources */ = {isa = PBXBuildFile; fileRef = ABBD350D29957BD1003ECD39 /* ContentView.swift */; };
		ABBD351029957BD2003ECD39 /* Assets.xcassets in Resources */ = {isa = PBXBuildFile; fileRef = ABBD350F29957BD2003ECD39 /* Assets.xcassets */; };
		ABBD351329957BD2003ECD39 /* Preview Assets.xcassets in Resources */ = {isa = PBXBuildFile; fileRef = ABBD351229957BD2003ECD39 /* Preview Assets.xcassets */; };
		ABBD351E29957BD2003ECD39 /* MonteCarlooTests.swift in Sources */ = {isa = PBXBuildFile; fileRef = ABBD351D29957BD2003ECD39 /* MonteCarlooTests.swift */; };
		ABBD352829957BD2003ECD39 /* MonteCarlooUITests.swift in Sources */ = {isa = PBXBuildFile; fileRef = ABBD352729957BD2003ECD39 /* MonteCarlooUITests.swift */; };
		ABBD352A29957BD2003ECD39 /* MonteCarlooUITestsLaunchTests.swift in Sources */ = {isa = PBXBuildFile; fileRef = ABBD352929957BD2003ECD39 /* MonteCarlooUITestsLaunchTests.swift */; };
		ABBD353729957CA2003ECD39 /* DrawingView.swift in Sources */ = {isa = PBXBuildFile; fileRef = ABBD353629957CA2003ECD39 /* DrawingView.swift */; };
		ABBD353829957CA2003ECD39 /* DrawingView.swift in Sources */ = {isa = PBXBuildFile; fileRef = ABBD353629957CA2003ECD39 /* DrawingView.swift */; };
		ABBD353929957CA2003ECD39 /* DrawingView.swift in Sources */ = {isa = PBXBuildFile; fileRef = ABBD353629957CA2003ECD39 /* DrawingView.swift */; };
		ABBD353A29957CA8003ECD39 /* ContentView.swift in Sources */ = {isa = PBXBuildFile; fileRef = ABBD350D29957BD1003ECD39 /* ContentView.swift */; };
		ABBD353B29957CA8003ECD39 /* ContentView.swift in Sources */ = {isa = PBXBuildFile; fileRef = ABBD350D29957BD1003ECD39 /* ContentView.swift */; };
		ABBD353D29957D28003ECD39 /* MonteCarloEx.swift in Sources */ = {isa = PBXBuildFile; fileRef = ABBD353C29957D28003ECD39 /* MonteCarloEx.swift */; };
		ABBD353E29957D28003ECD39 /* MonteCarloEx.swift in Sources */ = {isa = PBXBuildFile; fileRef = ABBD353C29957D28003ECD39 /* MonteCarloEx.swift */; };
		ABBD353F29957D28003ECD39 /* MonteCarloEx.swift in Sources */ = {isa = PBXBuildFile; fileRef = ABBD353C29957D28003ECD39 /* MonteCarloEx.swift */; };
		ABBD354129957D66003ECD39 /* BoundingBox.swift in Sources */ = {isa = PBXBuildFile; fileRef = ABBD354029957D66003ECD39 /* BoundingBox.swift */; };
		ABBD354229957D66003ECD39 /* BoundingBox.swift in Sources */ = {isa = PBXBuildFile; fileRef = ABBD354029957D66003ECD39 /* BoundingBox.swift */; };
		ABBD354329957D66003ECD39 /* BoundingBox.swift in Sources */ = {isa = PBXBuildFile; fileRef = ABBD354029957D66003ECD39 /* BoundingBox.swift */; };
		ABBD354529957F54003ECD39 /* e^x.swift in Sources */ = {isa = PBXBuildFile; fileRef = ABBD354429957F54003ECD39 /* e^x.swift */; };
		ABBD354629957F54003ECD39 /* e^x.swift in Sources */ = {isa = PBXBuildFile; fileRef = ABBD354429957F54003ECD39 /* e^x.swift */; };
		ABBD354729957F54003ECD39 /* e^x.swift in Sources */ = {isa = PBXBuildFile; fileRef = ABBD354429957F54003ECD39 /* e^x.swift */; };
/* End PBXBuildFile section */

/* Begin PBXContainerItemProxy section */
		ABBD351A29957BD2003ECD39 /* PBXContainerItemProxy */ = {
			isa = PBXContainerItemProxy;
			containerPortal = ABBD350029957BD1003ECD39 /* Project object */;
			proxyType = 1;
			remoteGlobalIDString = ABBD350729957BD1003ECD39;
			remoteInfo = MonteCarloo;
		};
		ABBD352429957BD2003ECD39 /* PBXContainerItemProxy */ = {
			isa = PBXContainerItemProxy;
			containerPortal = ABBD350029957BD1003ECD39 /* Project object */;
			proxyType = 1;
			remoteGlobalIDString = ABBD350729957BD1003ECD39;
			remoteInfo = MonteCarloo;
		};
/* End PBXContainerItemProxy section */

/* Begin PBXFileReference section */
		ABBD350829957BD1003ECD39 /* MonteCarloo.app */ = {isa = PBXFileReference; explicitFileType = wrapper.application; includeInIndex = 0; path = MonteCarloo.app; sourceTree = BUILT_PRODUCTS_DIR; };
		ABBD350B29957BD1003ECD39 /* MonteCarlooApp.swift */ = {isa = PBXFileReference; lastKnownFileType = sourcecode.swift; path = MonteCarlooApp.swift; sourceTree = "<group>"; };
		ABBD350D29957BD1003ECD39 /* ContentView.swift */ = {isa = PBXFileReference; lastKnownFileType = sourcecode.swift; path = ContentView.swift; sourceTree = "<group>"; };
		ABBD350F29957BD2003ECD39 /* Assets.xcassets */ = {isa = PBXFileReference; lastKnownFileType = folder.assetcatalog; path = Assets.xcassets; sourceTree = "<group>"; };
		ABBD351229957BD2003ECD39 /* Preview Assets.xcassets */ = {isa = PBXFileReference; lastKnownFileType = folder.assetcatalog; path = "Preview Assets.xcassets"; sourceTree = "<group>"; };
		ABBD351429957BD2003ECD39 /* MonteCarloo.entitlements */ = {isa = PBXFileReference; lastKnownFileType = text.plist.entitlements; path = MonteCarloo.entitlements; sourceTree = "<group>"; };
		ABBD351929957BD2003ECD39 /* MonteCarlooTests.xctest */ = {isa = PBXFileReference; explicitFileType = wrapper.cfbundle; includeInIndex = 0; path = MonteCarlooTests.xctest; sourceTree = BUILT_PRODUCTS_DIR; };
		ABBD351D29957BD2003ECD39 /* MonteCarlooTests.swift */ = {isa = PBXFileReference; lastKnownFileType = sourcecode.swift; path = MonteCarlooTests.swift; sourceTree = "<group>"; };
		ABBD352329957BD2003ECD39 /* MonteCarlooUITests.xctest */ = {isa = PBXFileReference; explicitFileType = wrapper.cfbundle; includeInIndex = 0; path = MonteCarlooUITests.xctest; sourceTree = BUILT_PRODUCTS_DIR; };
		ABBD352729957BD2003ECD39 /* MonteCarlooUITests.swift */ = {isa = PBXFileReference; lastKnownFileType = sourcecode.swift; path = MonteCarlooUITests.swift; sourceTree = "<group>"; };
		ABBD352929957BD2003ECD39 /* MonteCarlooUITestsLaunchTests.swift */ = {isa = PBXFileReference; lastKnownFileType = sourcecode.swift; path = MonteCarlooUITestsLaunchTests.swift; sourceTree = "<group>"; };
		ABBD353629957CA2003ECD39 /* DrawingView.swift */ = {isa = PBXFileReference; lastKnownFileType = sourcecode.swift; path = DrawingView.swift; sourceTree = "<group>"; };
		ABBD353C29957D28003ECD39 /* MonteCarloEx.swift */ = {isa = PBXFileReference; lastKnownFileType = sourcecode.swift; path = MonteCarloEx.swift; sourceTree = "<group>"; };
		ABBD354029957D66003ECD39 /* BoundingBox.swift */ = {isa = PBXFileReference; lastKnownFileType = sourcecode.swift; path = BoundingBox.swift; sourceTree = "<group>"; };
		ABBD354429957F54003ECD39 /* e^x.swift */ = {isa = PBXFileReference; lastKnownFileType = sourcecode.swift; path = "e^x.swift"; sourceTree = "<group>"; };
/* End PBXFileReference section */

/* Begin PBXFrameworksBuildPhase section */
		ABBD350529957BD1003ECD39 /* Frameworks */ = {
			isa = PBXFrameworksBuildPhase;
			buildActionMask = 2147483647;
			files = (
			);
			runOnlyForDeploymentPostprocessing = 0;
		};
		ABBD351629957BD2003ECD39 /* Frameworks */ = {
			isa = PBXFrameworksBuildPhase;
			buildActionMask = 2147483647;
			files = (
			);
			runOnlyForDeploymentPostprocessing = 0;
		};
		ABBD352029957BD2003ECD39 /* Frameworks */ = {
			isa = PBXFrameworksBuildPhase;
			buildActionMask = 2147483647;
			files = (
			);
			runOnlyForDeploymentPostprocessing = 0;
		};
/* End PBXFrameworksBuildPhase section */

/* Begin PBXGroup section */
		ABBD34FF29957BD1003ECD39 = {
			isa = PBXGroup;
			children = (
				ABBD350A29957BD1003ECD39 /* MonteCarloo */,
				ABBD351C29957BD2003ECD39 /* MonteCarlooTests */,
				ABBD352629957BD2003ECD39 /* MonteCarlooUITests */,
				ABBD350929957BD1003ECD39 /* Products */,
			);
			sourceTree = "<group>";
		};
		ABBD350929957BD1003ECD39 /* Products */ = {
			isa = PBXGroup;
			children = (
				ABBD350829957BD1003ECD39 /* MonteCarloo.app */,
				ABBD351929957BD2003ECD39 /* MonteCarlooTests.xctest */,
				ABBD352329957BD2003ECD39 /* MonteCarlooUITests.xctest */,
			);
			name = Products;
			sourceTree = "<group>";
		};
		ABBD350A29957BD1003ECD39 /* MonteCarloo */ = {
			isa = PBXGroup;
			children = (
				ABBD350B29957BD1003ECD39 /* MonteCarlooApp.swift */,
				ABBD350D29957BD1003ECD39 /* ContentView.swift */,
				ABBD353629957CA2003ECD39 /* DrawingView.swift */,
				ABBD353C29957D28003ECD39 /* MonteCarloEx.swift */,
				ABBD354029957D66003ECD39 /* BoundingBox.swift */,
				ABBD354429957F54003ECD39 /* e^x.swift */,
				ABBD350F29957BD2003ECD39 /* Assets.xcassets */,
				ABBD351429957BD2003ECD39 /* MonteCarloo.entitlements */,
				ABBD351129957BD2003ECD39 /* Preview Content */,
			);
			path = MonteCarloo;
			sourceTree = "<group>";
		};
		ABBD351129957BD2003ECD39 /* Preview Content */ = {
			isa = PBXGroup;
			children = (
				ABBD351229957BD2003ECD39 /* Preview Assets.xcassets */,
			);
			path = "Preview Content";
			sourceTree = "<group>";
		};
		ABBD351C29957BD2003ECD39 /* MonteCarlooTests */ = {
			isa = PBXGroup;
			children = (
				ABBD351D29957BD2003ECD39 /* MonteCarlooTests.swift */,
			);
			path = MonteCarlooTests;
			sourceTree = "<group>";
		};
		ABBD352629957BD2003ECD39 /* MonteCarlooUITests */ = {
			isa = PBXGroup;
			children = (
				ABBD352729957BD2003ECD39 /* MonteCarlooUITests.swift */,
				ABBD352929957BD2003ECD39 /* MonteCarlooUITestsLaunchTests.swift */,
			);
			path = MonteCarlooUITests;
			sourceTree = "<group>";
		};
/* End PBXGroup section */

/* Begin PBXNativeTarget section */
		ABBD350729957BD1003ECD39 /* MonteCarloo */ = {
			isa = PBXNativeTarget;
			buildConfigurationList = ABBD352D29957BD2003ECD39 /* Build configuration list for PBXNativeTarget "MonteCarloo" */;
			buildPhases = (
				ABBD350429957BD1003ECD39 /* Sources */,
				ABBD350529957BD1003ECD39 /* Frameworks */,
				ABBD350629957BD1003ECD39 /* Resources */,
			);
			buildRules = (
			);
			dependencies = (
			);
			name = MonteCarloo;
			productName = MonteCarloo;
			productReference = ABBD350829957BD1003ECD39 /* MonteCarloo.app */;
			productType = "com.apple.product-type.application";
		};
		ABBD351829957BD2003ECD39 /* MonteCarlooTests */ = {
			isa = PBXNativeTarget;
			buildConfigurationList = ABBD353029957BD2003ECD39 /* Build configuration list for PBXNativeTarget "MonteCarlooTests" */;
			buildPhases = (
				ABBD351529957BD2003ECD39 /* Sources */,
				ABBD351629957BD2003ECD39 /* Frameworks */,
				ABBD351729957BD2003ECD39 /* Resources */,
			);
			buildRules = (
			);
			dependencies = (
				ABBD351B29957BD2003ECD39 /* PBXTargetDependency */,
			);
			name = MonteCarlooTests;
			productName = MonteCarlooTests;
			productReference = ABBD351929957BD2003ECD39 /* MonteCarlooTests.xctest */;
			productType = "com.apple.product-type.bundle.unit-test";
		};
		ABBD352229957BD2003ECD39 /* MonteCarlooUITests */ = {
			isa = PBXNativeTarget;
			buildConfigurationList = ABBD353329957BD2003ECD39 /* Build configuration list for PBXNativeTarget "MonteCarlooUITests" */;
			buildPhases = (
				ABBD351F29957BD2003ECD39 /* Sources */,
				ABBD352029957BD2003ECD39 /* Frameworks */,
				ABBD352129957BD2003ECD39 /* Resources */,
			);
			buildRules = (
			);
			dependencies = (
				ABBD352529957BD2003ECD39 /* PBXTargetDependency */,
			);
			name = MonteCarlooUITests;
			productName = MonteCarlooUITests;
			productReference = ABBD352329957BD2003ECD39 /* MonteCarlooUITests.xctest */;
			productType = "com.apple.product-type.bundle.ui-testing";
		};
/* End PBXNativeTarget section */

/* Begin PBXProject section */
		ABBD350029957BD1003ECD39 /* Project object */ = {
			isa = PBXProject;
			attributes = {
				BuildIndependentTargetsInParallel = 1;
				LastSwiftUpdateCheck = 1420;
				LastUpgradeCheck = 1420;
				TargetAttributes = {
					ABBD350729957BD1003ECD39 = {
						CreatedOnToolsVersion = 14.2;
					};
					ABBD351829957BD2003ECD39 = {
						CreatedOnToolsVersion = 14.2;
						TestTargetID = ABBD350729957BD1003ECD39;
					};
					ABBD352229957BD2003ECD39 = {
						CreatedOnToolsVersion = 14.2;
						TestTargetID = ABBD350729957BD1003ECD39;
					};
				};
			};
			buildConfigurationList = ABBD350329957BD1003ECD39 /* Build configuration list for PBXProject "MonteCarloo" */;
			compatibilityVersion = "Xcode 14.0";
			developmentRegion = en;
			hasScannedForEncodings = 0;
			knownRegions = (
				en,
				Base,
			);
			mainGroup = ABBD34FF29957BD1003ECD39;
			productRefGroup = ABBD350929957BD1003ECD39 /* Products */;
			projectDirPath = "";
			projectRoot = "";
			targets = (
				ABBD350729957BD1003ECD39 /* MonteCarloo */,
				ABBD351829957BD2003ECD39 /* MonteCarlooTests */,
				ABBD352229957BD2003ECD39 /* MonteCarlooUITests */,
			);
		};
/* End PBXProject section */

/* Begin PBXResourcesBuildPhase section */
		ABBD350629957BD1003ECD39 /* Resources */ = {
			isa = PBXResourcesBuildPhase;
			buildActionMask = 2147483647;
			files = (
				ABBD351329957BD2003ECD39 /* Preview Assets.xcassets in Resources */,
				ABBD351029957BD2003ECD39 /* Assets.xcassets in Resources */,
			);
			runOnlyForDeploymentPostprocessing = 0;
		};
		ABBD351729957BD2003ECD39 /* Resources */ = {
			isa = PBXResourcesBuildPhase;
			buildActionMask = 2147483647;
			files = (
			);
			runOnlyForDeploymentPostprocessing = 0;
		};
		ABBD352129957BD2003ECD39 /* Resources */ = {
			isa = PBXResourcesBuildPhase;
			buildActionMask = 2147483647;
			files = (
			);
			runOnlyForDeploymentPostprocessing = 0;
		};
/* End PBXResourcesBuildPhase section */

/* Begin PBXSourcesBuildPhase section */
		ABBD350429957BD1003ECD39 /* Sources */ = {
			isa = PBXSourcesBuildPhase;
			buildActionMask = 2147483647;
			files = (
				ABBD354129957D66003ECD39 /* BoundingBox.swift in Sources */,
				ABBD353729957CA2003ECD39 /* DrawingView.swift in Sources */,
				ABBD350E29957BD1003ECD39 /* ContentView.swift in Sources */,
				ABBD353D29957D28003ECD39 /* MonteCarloEx.swift in Sources */,
				ABBD350C29957BD1003ECD39 /* MonteCarlooApp.swift in Sources */,
				ABBD354529957F54003ECD39 /* e^x.swift in Sources */,
			);
			runOnlyForDeploymentPostprocessing = 0;
		};
		ABBD351529957BD2003ECD39 /* Sources */ = {
			isa = PBXSourcesBuildPhase;
			buildActionMask = 2147483647;
			files = (
				ABBD354229957D66003ECD39 /* BoundingBox.swift in Sources */,
				ABBD351E29957BD2003ECD39 /* MonteCarlooTests.swift in Sources */,
				ABBD353829957CA2003ECD39 /* DrawingView.swift in Sources */,
				ABBD353E29957D28003ECD39 /* MonteCarloEx.swift in Sources */,
				ABBD353A29957CA8003ECD39 /* ContentView.swift in Sources */,
				ABBD354629957F54003ECD39 /* e^x.swift in Sources */,
			);
			runOnlyForDeploymentPostprocessing = 0;
		};
		ABBD351F29957BD2003ECD39 /* Sources */ = {
			isa = PBXSourcesBuildPhase;
			buildActionMask = 2147483647;
			files = (
				ABBD353F29957D28003ECD39 /* MonteCarloEx.swift in Sources */,
				ABBD353929957CA2003ECD39 /* DrawingView.swift in Sources */,
				ABBD352A29957BD2003ECD39 /* MonteCarlooUITestsLaunchTests.swift in Sources */,
				ABBD354329957D66003ECD39 /* BoundingBox.swift in Sources */,
				ABBD353B29957CA8003ECD39 /* ContentView.swift in Sources */,
				ABBD354729957F54003ECD39 /* e^x.swift in Sources */,
				ABBD352829957BD2003ECD39 /* MonteCarlooUITests.swift in Sources */,
			);
			runOnlyForDeploymentPostprocessing = 0;
		};
/* End PBXSourcesBuildPhase section */

/* Begin PBXTargetDependency section */
		ABBD351B29957BD2003ECD39 /* PBXTargetDependency */ = {
			isa = PBXTargetDependency;
			target = ABBD350729957BD1003ECD39 /* MonteCarloo */;
			targetProxy = ABBD351A29957BD2003ECD39 /* PBXContainerItemProxy */;
		};
		ABBD352529957BD2003ECD39 /* PBXTargetDependency */ = {
			isa = PBXTargetDependency;
			target = ABBD350729957BD1003ECD39 /* MonteCarloo */;
			targetProxy = ABBD352429957BD2003ECD39 /* PBXContainerItemProxy */;
		};
/* End PBXTargetDependency section */

/* Begin XCBuildConfiguration section */
		ABBD352B29957BD2003ECD39 /* Debug */ = {
			isa = XCBuildConfiguration;
			buildSettings = {
				ALWAYS_SEARCH_USER_PATHS = NO;
				CLANG_ANALYZER_NONNULL = YES;
				CLANG_ANALYZER_NUMBER_OBJECT_CONVERSION = YES_AGGRESSIVE;
				CLANG_CXX_LANGUAGE_STANDARD = "gnu++20";
				CLANG_ENABLE_MODULES = YES;
				CLANG_ENABLE_OBJC_ARC = YES;
				CLANG_ENABLE_OBJC_WEAK = YES;
				CLANG_WARN_BLOCK_CAPTURE_AUTORELEASING = YES;
				CLANG_WARN_BOOL_CONVERSION = YES;
				CLANG_WARN_COMMA = YES;
				CLANG_WARN_CONSTANT_CONVERSION = YES;
				CLANG_WARN_DEPRECATED_OBJC_IMPLEMENTATIONS = YES;
				CLANG_WARN_DIRECT_OBJC_ISA_USAGE = YES_ERROR;
				CLANG_WARN_DOCUMENTATION_COMMENTS = YES;
				CLANG_WARN_EMPTY_BODY = YES;
				CLANG_WARN_ENUM_CONVERSION = YES;
				CLANG_WARN_INFINITE_RECURSION = YES;
				CLANG_WARN_INT_CONVERSION = YES;
				CLANG_WARN_NON_LITERAL_NULL_CONVERSION = YES;
				CLANG_WARN_OBJC_IMPLICIT_RETAIN_SELF = YES;
				CLANG_WARN_OBJC_LITERAL_CONVERSION = YES;
				CLANG_WARN_OBJC_ROOT_CLASS = YES_ERROR;
				CLANG_WARN_QUOTED_INCLUDE_IN_FRAMEWORK_HEADER = YES;
				CLANG_WARN_RANGE_LOOP_ANALYSIS = YES;
				CLANG_WARN_STRICT_PROTOTYPES = YES;
				CLANG_WARN_SUSPICIOUS_MOVE = YES;
				CLANG_WARN_UNGUARDED_AVAILABILITY = YES_AGGRESSIVE;
				CLANG_WARN_UNREACHABLE_CODE = YES;
				CLANG_WARN__DUPLICATE_METHOD_MATCH = YES;
				COPY_PHASE_STRIP = NO;
				DEBUG_INFORMATION_FORMAT = dwarf;
				ENABLE_STRICT_OBJC_MSGSEND = YES;
				ENABLE_TESTABILITY = YES;
				GCC_C_LANGUAGE_STANDARD = gnu11;
				GCC_DYNAMIC_NO_PIC = NO;
				GCC_NO_COMMON_BLOCKS = YES;
				GCC_OPTIMIZATION_LEVEL = 0;
				GCC_PREPROCESSOR_DEFINITIONS = (
					"DEBUG=1",
					"$(inherited)",
				);
				GCC_WARN_64_TO_32_BIT_CONVERSION = YES;
				GCC_WARN_ABOUT_RETURN_TYPE = YES_ERROR;
				GCC_WARN_UNDECLARED_SELECTOR = YES;
				GCC_WARN_UNINITIALIZED_AUTOS = YES_AGGRESSIVE;
				GCC_WARN_UNUSED_FUNCTION = YES;
				GCC_WARN_UNUSED_VARIABLE = YES;
				MACOSX_DEPLOYMENT_TARGET = 13.1;
				MTL_ENABLE_DEBUG_INFO = INCLUDE_SOURCE;
				MTL_FAST_MATH = YES;
				ONLY_ACTIVE_ARCH = YES;
				SDKROOT = macosx;
				SWIFT_ACTIVE_COMPILATION_CONDITIONS = DEBUG;
				SWIFT_OPTIMIZATION_LEVEL = "-Onone";
			};
			name = Debug;
		};
		ABBD352C29957BD2003ECD39 /* Release */ = {
			isa = XCBuildConfiguration;
			buildSettings = {
				ALWAYS_SEARCH_USER_PATHS = NO;
				CLANG_ANALYZER_NONNULL = YES;
				CLANG_ANALYZER_NUMBER_OBJECT_CONVERSION = YES_AGGRESSIVE;
				CLANG_CXX_LANGUAGE_STANDARD = "gnu++20";
				CLANG_ENABLE_MODULES = YES;
				CLANG_ENABLE_OBJC_ARC = YES;
				CLANG_ENABLE_OBJC_WEAK = YES;
				CLANG_WARN_BLOCK_CAPTURE_AUTORELEASING = YES;
				CLANG_WARN_BOOL_CONVERSION = YES;
				CLANG_WARN_COMMA = YES;
				CLANG_WARN_CONSTANT_CONVERSION = YES;
				CLANG_WARN_DEPRECATED_OBJC_IMPLEMENTATIONS = YES;
				CLANG_WARN_DIRECT_OBJC_ISA_USAGE = YES_ERROR;
				CLANG_WARN_DOCUMENTATION_COMMENTS = YES;
				CLANG_WARN_EMPTY_BODY = YES;
				CLANG_WARN_ENUM_CONVERSION = YES;
				CLANG_WARN_INFINITE_RECURSION = YES;
				CLANG_WARN_INT_CONVERSION = YES;
				CLANG_WARN_NON_LITERAL_NULL_CONVERSION = YES;
				CLANG_WARN_OBJC_IMPLICIT_RETAIN_SELF = YES;
				CLANG_WARN_OBJC_LITERAL_CONVERSION = YES;
				CLANG_WARN_OBJC_ROOT_CLASS = YES_ERROR;
				CLANG_WARN_QUOTED_INCLUDE_IN_FRAMEWORK_HEADER = YES;
				CLANG_WARN_RANGE_LOOP_ANALYSIS = YES;
				CLANG_WARN_STRICT_PROTOTYPES = YES;
				CLANG_WARN_SUSPICIOUS_MOVE = YES;
				CLANG_WARN_UNGUARDED_AVAILABILITY = YES_AGGRESSIVE;
				CLANG_WARN_UNREACHABLE_CODE = YES;
				CLANG_WARN__DUPLICATE_METHOD_MATCH = YES;
				COPY_PHASE_STRIP = NO;
				DEBUG_INFORMATION_FORMAT = "dwarf-with-dsym";
				ENABLE_NS_ASSERTIONS = NO;
				ENABLE_STRICT_OBJC_MSGSEND = YES;
				GCC_C_LANGUAGE_STANDARD = gnu11;
				GCC_NO_COMMON_BLOCKS = YES;
				GCC_WARN_64_TO_32_BIT_CONVERSION = YES;
				GCC_WARN_ABOUT_RETURN_TYPE = YES_ERROR;
				GCC_WARN_UNDECLARED_SELECTOR = YES;
				GCC_WARN_UNINITIALIZED_AUTOS = YES_AGGRESSIVE;
				GCC_WARN_UNUSED_FUNCTION = YES;
				GCC_WARN_UNUSED_VARIABLE = YES;
				MACOSX_DEPLOYMENT_TARGET = 13.1;
				MTL_ENABLE_DEBUG_INFO = NO;
				MTL_FAST_MATH = YES;
				SDKROOT = macosx;
				SWIFT_COMPILATION_MODE = wholemodule;
				SWIFT_OPTIMIZATION_LEVEL = "-O";
			};
			name = Release;
		};
		ABBD352E29957BD2003ECD39 /* Debug */ = {
			isa = XCBuildConfiguration;
			buildSettings = {
				ASSETCATALOG_COMPILER_APPICON_NAME = AppIcon;
				ASSETCATALOG_COMPILER_GLOBAL_ACCENT_COLOR_NAME = AccentColor;
				CODE_SIGN_ENTITLEMENTS = MonteCarloo/MonteCarloo.entitlements;
				CODE_SIGN_STYLE = Automatic;
				COMBINE_HIDPI_IMAGES = YES;
				CURRENT_PROJECT_VERSION = 1;
				DEVELOPMENT_ASSET_PATHS = "\"MonteCarloo/Preview Content\"";
				ENABLE_PREVIEWS = YES;
				GENERATE_INFOPLIST_FILE = YES;
				INFOPLIST_KEY_NSHumanReadableCopyright = "";
				LD_RUNPATH_SEARCH_PATHS = (
					"$(inherited)",
					"@executable_path/../Frameworks",
				);
				MARKETING_VERSION = 1.0;
				PRODUCT_BUNDLE_IDENTIFIER = com.TS.MonteCarloo;
				PRODUCT_NAME = "$(TARGET_NAME)";
				SWIFT_EMIT_LOC_STRINGS = YES;
				SWIFT_VERSION = 5.0;
			};
			name = Debug;
		};
		ABBD352F29957BD2003ECD39 /* Release */ = {
			isa = XCBuildConfiguration;
			buildSettings = {
				ASSETCATALOG_COMPILER_APPICON_NAME = AppIcon;
				ASSETCATALOG_COMPILER_GLOBAL_ACCENT_COLOR_NAME = AccentColor;
				CODE_SIGN_ENTITLEMENTS = MonteCarloo/MonteCarloo.entitlements;
				CODE_SIGN_STYLE = Automatic;
				COMBINE_HIDPI_IMAGES = YES;
				CURRENT_PROJECT_VERSION = 1;
				DEVELOPMENT_ASSET_PATHS = "\"MonteCarloo/Preview Content\"";
				ENABLE_PREVIEWS = YES;
				GENERATE_INFOPLIST_FILE = YES;
				INFOPLIST_KEY_NSHumanReadableCopyright = "";
				LD_RUNPATH_SEARCH_PATHS = (
					"$(inherited)",
					"@executable_path/../Frameworks",
				);
				MARKETING_VERSION = 1.0;
				PRODUCT_BUNDLE_IDENTIFIER = com.TS.MonteCarloo;
				PRODUCT_NAME = "$(TARGET_NAME)";
				SWIFT_EMIT_LOC_STRINGS = YES;
				SWIFT_VERSION = 5.0;
			};
			name = Release;
		};
		ABBD353129957BD2003ECD39 /* Debug */ = {
			isa = XCBuildConfiguration;
			buildSettings = {
				ALWAYS_EMBED_SWIFT_STANDARD_LIBRARIES = YES;
				BUNDLE_LOADER = "$(TEST_HOST)";
				CODE_SIGN_STYLE = Automatic;
				CURRENT_PROJECT_VERSION = 1;
				GENERATE_INFOPLIST_FILE = YES;
				MACOSX_DEPLOYMENT_TARGET = 13.1;
				MARKETING_VERSION = 1.0;
				PRODUCT_BUNDLE_IDENTIFIER = com.TS.MonteCarlooTests;
				PRODUCT_NAME = "$(TARGET_NAME)";
				SWIFT_EMIT_LOC_STRINGS = NO;
				SWIFT_VERSION = 5.0;
				TEST_HOST = "$(BUILT_PRODUCTS_DIR)/MonteCarloo.app/$(BUNDLE_EXECUTABLE_FOLDER_PATH)/MonteCarloo";
			};
			name = Debug;
		};
		ABBD353229957BD2003ECD39 /* Release */ = {
			isa = XCBuildConfiguration;
			buildSettings = {
				ALWAYS_EMBED_SWIFT_STANDARD_LIBRARIES = YES;
				BUNDLE_LOADER = "$(TEST_HOST)";
				CODE_SIGN_STYLE = Automatic;
				CURRENT_PROJECT_VERSION = 1;
				GENERATE_INFOPLIST_FILE = YES;
				MACOSX_DEPLOYMENT_TARGET = 13.1;
				MARKETING_VERSION = 1.0;
				PRODUCT_BUNDLE_IDENTIFIER = com.TS.MonteCarlooTests;
				PRODUCT_NAME = "$(TARGET_NAME)";
				SWIFT_EMIT_LOC_STRINGS = NO;
				SWIFT_VERSION = 5.0;
				TEST_HOST = "$(BUILT_PRODUCTS_DIR)/MonteCarloo.app/$(BUNDLE_EXECUTABLE_FOLDER_PATH)/MonteCarloo";
			};
			name = Release;
		};
		ABBD353429957BD2003ECD39 /* Debug */ = {
			isa = XCBuildConfiguration;
			buildSettings = {
				ALWAYS_EMBED_SWIFT_STANDARD_LIBRARIES = YES;
				CODE_SIGN_STYLE = Automatic;
				CURRENT_PROJECT_VERSION = 1;
				GENERATE_INFOPLIST_FILE = YES;
				MARKETING_VERSION = 1.0;
				PRODUCT_BUNDLE_IDENTIFIER = com.TS.MonteCarlooUITests;
				PRODUCT_NAME = "$(TARGET_NAME)";
				SWIFT_EMIT_LOC_STRINGS = NO;
				SWIFT_VERSION = 5.0;
				TEST_TARGET_NAME = MonteCarloo;
			};
			name = Debug;
		};
		ABBD353529957BD2003ECD39 /* Release */ = {
			isa = XCBuildConfiguration;
			buildSettings = {
				ALWAYS_EMBED_SWIFT_STANDARD_LIBRARIES = YES;
				CODE_SIGN_STYLE = Automatic;
				CURRENT_PROJECT_VERSION = 1;
				GENERATE_INFOPLIST_FILE = YES;
				MARKETING_VERSION = 1.0;
				PRODUCT_BUNDLE_IDENTIFIER = com.TS.MonteCarlooUITests;
				PRODUCT_NAME = "$(TARGET_NAME)";
				SWIFT_EMIT_LOC_STRINGS = NO;
				SWIFT_VERSION = 5.0;
				TEST_TARGET_NAME = MonteCarloo;
			};
			name = Release;
		};
/* End XCBuildConfiguration section */

/* Begin XCConfigurationList section */
		ABBD350329957BD1003ECD39 /* Build configuration list for PBXProject "MonteCarloo" */ = {
			isa = XCConfigurationList;
			buildConfigurations = (
				ABBD352B29957BD2003ECD39 /* Debug */,
				ABBD352C29957BD2003ECD39 /* Release */,
			);
			defaultConfigurationIsVisible = 0;
			defaultConfigurationName = Release;
		};
		ABBD352D29957BD2003ECD39 /* Build configuration list for PBXNativeTarget "MonteCarloo" */ = {
			isa = XCConfigurationList;
			buildConfigurations = (
				ABBD352E29957BD2003ECD39 /* Debug */,
				ABBD352F29957BD2003ECD39 /* Release */,
			);
			defaultConfigurationIsVisible = 0;
			defaultConfigurationName = Release;
		};
		ABBD353029957BD2003ECD39 /* Build configuration list for PBXNativeTarget "MonteCarlooTests" */ = {
			isa = XCConfigurationList;
			buildConfigurations = (
				ABBD353129957BD2003ECD39 /* Debug */,
				ABBD353229957BD2003ECD39 /* Release */,
			);
			defaultConfigurationIsVisible = 0;
			defaultConfigurationName = Release;
		};
		ABBD353329957BD2003ECD39 /* Build configuration list for PBXNativeTarget "MonteCarlooUITests" */ = {
			isa = XCConfigurationList;
			buildConfigurations = (
				ABBD353429957BD2003ECD39 /* Debug */,
				ABBD353529957BD2003ECD39 /* Release */,
			);
			defaultConfigurationIsVisible = 0;
			defaultConfigurationName = Release;
		};
/* End XCConfigurationList section */
	};
	rootObject = ABBD350029957BD1003ECD39 /* Project object */;
}
